
Microsoft Visual Studio Solution File, Format Version 12.00
# Visual Studio Version 16
VisualStudioVersion = 16.0.31005.135
MinimumVisualStudioVersion = 10.0.40219.1
Project("{9A19103F-16F7-4668-BE54-9A1E7A4F7556}") = "EquazioniLibrary", "EquazioniLibrary\EquazioniLibrary.csproj", "{CA9233DC-7406-47F9-8185-CDC363AA2F27}"
EndProject
Project("{9A19103F-16F7-4668-BE54-9A1E7A4F7556}") = "EquazioniLibrary.Test", "EquazioniLibrary.Test\EquazioniLibrary.Test.csproj", "{A21400F7-8C5E-4C5C-A7C5-41C00E089B0E}"
EndProject
Project("{FAE04EC0-301F-11D3-BF4B-00C04F79EFBC}") = "Prova", "Prova\Prova.csproj", "{08773942-F9A2-4E1D-BE43-C6BBE952E8B8}"
EndProject
Global
	GlobalSection(SolutionConfigurationPlatforms) = preSolution
		Debug|Any CPU = Debug|Any CPU
		Release|Any CPU = Release|Any CPU
	EndGlobalSection
	GlobalSection(ProjectConfigurationPlatforms) = postSolution
		{CA9233DC-7406-47F9-8185-CDC363AA2F27}.Debug|Any CPU.ActiveCfg = Debug|Any CPU
		{CA9233DC-7406-47F9-8185-CDC363AA2F27}.Debug|Any CPU.Build.0 = Debug|Any CPU
		{CA9233DC-7406-47F9-8185-CDC363AA2F27}.Release|Any CPU.ActiveCfg = Release|Any CPU
		{CA9233DC-7406-47F9-8185-CDC363AA2F27}.Release|Any CPU.Build.0 = Release|Any CPU
		{A21400F7-8C5E-4C5C-A7C5-41C00E089B0E}.Debug|Any CPU.ActiveCfg = Debug|Any CPU
		{A21400F7-8C5E-4C5C-A7C5-41C00E089B0E}.Debug|Any CPU.Build.0 = Debug|Any CPU
		{A21400F7-8C5E-4C5C-A7C5-41C00E089B0E}.Release|Any CPU.ActiveCfg = Release|Any CPU
		{A21400F7-8C5E-4C5C-A7C5-41C00E089B0E}.Release|Any CPU.Build.0 = Release|Any CPU
		{08773942-F9A2-4E1D-BE43-C6BBE952E8B8}.Debug|Any CPU.ActiveCfg = Debug|Any CPU
		{08773942-F9A2-4E1D-BE43-C6BBE952E8B8}.Debug|Any CPU.Build.0 = Debug|Any CPU
		{08773942-F9A2-4E1D-BE43-C6BBE952E8B8}.Release|Any CPU.ActiveCfg = Release|Any CPU
		{08773942-F9A2-4E1D-BE43-C6BBE952E8B8}.Release|Any CPU.Build.0 = Release|Any CPU
	EndGlobalSection
	GlobalSection(SolutionProperties) = preSolution
		HideSolutionNode = FALSE
	EndGlobalSection
	GlobalSection(ExtensibilityGlobals) = postSolution
		SolutionGuid = {97CBCE95-A2BF-4EE0-B493-5BF09A4E13D0}
	EndGlobalSection
EndGlobal
